# generated by rye
# use `rye lock` or `rye sync` to update this lockfile
#
# last locked with the following flags:
#   pre: false
#   features: []
#   all-features: true
#   with-sources: false

-e file:.
annotated-types==0.6.0
    # via pydantic
bleach==6.1.0
    # via kaggle
certifi==2024.2.2
    # via kaggle
    # via requests
charset-normalizer==3.3.2
    # via requests
filelock==3.14.0
    # via torch
fsspec==2024.3.1
    # via torch
idna==3.6
    # via requests
jinja2==3.1.3
    # via torch
kaggle==1.6.12
    # via rapgpt
loguru==0.7.2
    # via rapgpt
markupsafe==2.1.5
    # via jinja2
mpmath==1.3.0
    # via sympy
networkx==3.3
    # via torch
pydantic==2.7.1
    # via pydantic-settings
    # via rapgpt
pydantic-core==2.18.2
    # via pydantic
pydantic-settings==2.2.1
    # via rapgpt
python-dateutil==2.9.0.post0
    # via kaggle
python-dotenv==1.0.1
    # via pydantic-settings
python-slugify==8.0.4
    # via kaggle
regex==2023.12.25
    # via tiktoken
requests==2.31.0
    # via kaggle
    # via tiktoken
ruff==0.3.0
    # via rapgpt
six==1.16.0
    # via bleach
    # via kaggle
    # via python-dateutil
sympy==1.12
    # via torch
text-unidecode==1.3
    # via python-slugify
tiktoken==0.6.0
    # via rapgpt
tomli==2.0.1
    # via pydantic-settings
torch==2.2.2
    # via rapgpt
tqdm==4.66.4
    # via kaggle
typing-extensions==4.11.0
    # via pydantic
    # via pydantic-core
    # via torch
urllib3==2.2.1
    # via kaggle
    # via requests
webencodings==0.5.1
    # via bleach
